// !$*UTF8*$!
{
	archiveVersion = 1;
	classes = {
	};
	objectVersion = 46;
	objects = {
/* Begin PBXBuildFile section */
		0207DA581B56EA530066E2B4 /* Images.xcassets in Resources */ = {isa = PBXBuildFile; fileRef = 0207DA571B56EA530066E2B4 /* Images.xcassets */; };
		1D3623260D0F684500981E51 /* AppDelegate.m in Sources */ = {isa = PBXBuildFile; fileRef = 1D3623250D0F684500981E51 /* AppDelegate.m */; };
		1D60589B0D05DD56006BFB54 /* main.m in Sources */ = {isa = PBXBuildFile; fileRef = 29B97316FDCFA39411CA2CEA /* main.m */; };
		301BF552109A68D80062928A /* libCordova.a in Frameworks */ = {isa = PBXBuildFile; fileRef = 301BF535109A57CC0062928A /* libCordova.a */; };
		302D95F114D2391D003F00A1 /* MainViewController.m in Sources */ = {isa = PBXBuildFile; fileRef = 302D95EF14D2391D003F00A1 /* MainViewController.m */; };
		302D95F214D2391D003F00A1 /* MainViewController.xib in Resources */ = {isa = PBXBuildFile; fileRef = 302D95F014D2391D003F00A1 /* MainViewController.xib */; };
		3047A5121AB8059700498E2A /* build-debug.xcconfig in Resources */ = {isa = PBXBuildFile; fileRef = 3047A50F1AB8059700498E2A /* build-debug.xcconfig */; };
		3047A5131AB8059700498E2A /* build-release.xcconfig in Resources */ = {isa = PBXBuildFile; fileRef = 3047A5101AB8059700498E2A /* build-release.xcconfig */; };
		3047A5141AB8059700498E2A /* build.xcconfig in Resources */ = {isa = PBXBuildFile; fileRef = 3047A5111AB8059700498E2A /* build.xcconfig */; };
		F0DF725810974F8CBC369B7F /* CTPicker.m in Sources */ = {isa = PBXBuildFile; fileRef = B7DB5D1F26124A42A16619B2 /* CTPicker.m */; };
		8266B2A43CA74B36A4466152 /* QBAlbumCell.m in Sources */ = {isa = PBXBuildFile; fileRef = 6FAEAFEF68564035A3020FAB /* QBAlbumCell.m */; };
		24668570FEC8435C882AFED0 /* QBAssetCell.m in Sources */ = {isa = PBXBuildFile; fileRef = 427C8CC27CAF4C09AD035A8A /* QBAssetCell.m */; };
		C23106873C2F4226B2379AC1 /* QBCheckmarkView.m in Sources */ = {isa = PBXBuildFile; fileRef = D7DC88F1A0CF42448CDCE40E /* QBCheckmarkView.m */; };
		412FE443CB1D4E559233C4D2 /* QBVideoIconView.m in Sources */ = {isa = PBXBuildFile; fileRef = 0C5A443006F34A4B858A3279 /* QBVideoIconView.m */; };
		86311826BFCD47D98E2A8258 /* QBSlomoIconView.m in Sources */ = {isa = PBXBuildFile; fileRef = 0F8149CAC68645069EFE186D /* QBSlomoIconView.m */; };
		DB362D2C6A2848A69D6CD421 /* QBVideoIndicatorView.m in Sources */ = {isa = PBXBuildFile; fileRef = B6433B0C9709405FA3A881DD /* QBVideoIndicatorView.m */; };
		BA5F6D2C3AEF4D3C9A8CE734 /* QBImagePickerController.m in Sources */ = {isa = PBXBuildFile; fileRef = 0C415218EF804C4C84D8B60B /* QBImagePickerController.m */; };
		6738D4677DA44FE097B14790 /* QBAlbumsViewController.m in Sources */ = {isa = PBXBuildFile; fileRef = AF698E2431944EEDA586BBC7 /* QBAlbumsViewController.m */; };
		BCE2AC9F79A149B486F34B74 /* QBAssetsViewController.m in Sources */ = {isa = PBXBuildFile; fileRef = 32390D1B3E7D42EFA6CBEABD /* QBAssetsViewController.m */; };
		A1181C7FE3434A2E93855352 /* QBImagePicker.strings in Resources */ = {isa = PBXBuildFile; fileRef = C037D17B14EF4AC5873145E1 /* QBImagePicker.strings */; };
		FA38049E787D43ECB1DEE502 /* QBImagePicker.storyboard in Resources */ = {isa = PBXBuildFile; fileRef = 5B1765E779FC41DCA6B58C54 /* QBImagePicker.storyboard */; };
		36601E9F0F564E52A6A6B576 /* QuartzCore.framework in Frameworks */ = {isa = PBXBuildFile; fileRef = E472BD54F90C4873AD06D60E /* QuartzCore.framework */; };
		A7B3811713484D9881F3F4E6 /* Photos.framework in Frameworks */ = {isa = PBXBuildFile; fileRef = AE795D3A67CD4AAFBFB410E6 /* Photos.framework */; };
		85CBF93EE9C240DC9ECC63A7 /* ImageIO.framework in Frameworks */ = {isa = PBXBuildFile; fileRef = CC919BB870ED415FA7D6FBE8 /* ImageIO.framework */; };
		1B518862C26240B3B3B80B77 /* UIImage+CropScaleOrientation.m in Sources */ = {isa = PBXBuildFile; fileRef = 5B53383D7BE34D3E91043484 /* UIImage+CropScaleOrientation.m */; };
		75A0A8A5E56D4969B1CC5311 /* CDVCamera.m in Sources */ = {isa = PBXBuildFile; fileRef = B9B4957021124A4784C582AD /* CDVCamera.m */; };
		94F3A4FB3D2143BEBA296C21 /* CDVJpegHeaderWriter.m in Sources */ = {isa = PBXBuildFile; fileRef = 567295CA3448408A90DE5B25 /* CDVJpegHeaderWriter.m */; };
		A427CE58CCF74846B988683C /* CoreLocation.framework in Frameworks */ = {isa = PBXBuildFile; fileRef = 2C07E85F59884AEAA0AD881C /* CoreLocation.framework */; };
		8AD0827F1CDB4E23AD71E08F /* AVFoundation.framework in Frameworks */ = {isa = PBXBuildFile; fileRef = 6B891C1425644F999E5657EE /* AVFoundation.framework */; };
		9B7482254FAE46BCAA877EEB /* CDVFile.m in Sources */ = {isa = PBXBuildFile; fileRef = 1BBDB9C862FE4BE791B1D01A /* CDVFile.m */; };
		510FF45540534CE6B9B8644D /* CDVLocalFilesystem.m in Sources */ = {isa = PBXBuildFile; fileRef = C615F970169A4772AF5006EE /* CDVLocalFilesystem.m */; };
		D5F72F3CFD404479BE7B7987 /* CDVAssetLibraryFilesystem.m in Sources */ = {isa = PBXBuildFile; fileRef = DE087C37C9B94B52B523CD9C /* CDVAssetLibraryFilesystem.m */; };
		791282D0482747E2A19865F6 /* CDVFileTransfer.m in Sources */ = {isa = PBXBuildFile; fileRef = F2DD60269CC64DED86DBC871 /* CDVFileTransfer.m */; };
		7C82D4E53E3D495FA40F86E6 /* CDVCapture.m in Sources */ = {isa = PBXBuildFile; fileRef = D375D06272A24CAD91D79A1A /* CDVCapture.m */; };
		FFE74017F1274F199086F8F8 /* CDVCapture.bundle in Resources */ = {isa = PBXBuildFile; fileRef = 6DBEB95B6BAC483FB1EFC587 /* CDVCapture.bundle */; };
/* End PBXBuildFile section */

/* Begin PBXContainerItemProxy section */
		301BF534109A57CC0062928A /* PBXContainerItemProxy */ = {
			isa = PBXContainerItemProxy;
			containerPortal = 301BF52D109A57CC0062928A /* CordovaLib.xcodeproj */;
			proxyType = 2;
			remoteGlobalIDString = D2AAC07E0554694100DB518D;
			remoteInfo = CordovaLib;
		};
		301BF550109A68C00062928A /* PBXContainerItemProxy */ = {
			isa = PBXContainerItemProxy;
			containerPortal = 301BF52D109A57CC0062928A /* CordovaLib.xcodeproj */;
			proxyType = 1;
			remoteGlobalIDString = D2AAC07D0554694100DB518D;
			remoteInfo = CordovaLib;
		};
/* End PBXContainerItemProxy section */

/* Begin PBXFileReference section */
		0207DA571B56EA530066E2B4 /* Images.xcassets */ = {isa = PBXFileReference; lastKnownFileType = folder.assetcatalog; name = Images.xcassets; path = "maVoix/Images.xcassets"; sourceTree = SOURCE_ROOT; };
		1D3623240D0F684500981E51 /* AppDelegate.h */ = {isa = PBXFileReference; fileEncoding = 4; lastKnownFileType = sourcecode.c.h; path = AppDelegate.h; sourceTree = "<group>"; };
		1D3623250D0F684500981E51 /* AppDelegate.m */ = {isa = PBXFileReference; fileEncoding = 4; lastKnownFileType = sourcecode.c.objc; path = AppDelegate.m; sourceTree = "<group>"; };
		1D6058910D05DD3D006BFB54 /* maVoix.app */ = {isa = PBXFileReference; explicitFileType = wrapper.application; includeInIndex = 0; path = "maVoix.app"; sourceTree = BUILT_PRODUCTS_DIR; };
		29B97316FDCFA39411CA2CEA /* main.m */ = {isa = PBXFileReference; fileEncoding = 4; lastKnownFileType = sourcecode.c.objc; path = main.m; sourceTree = "<group>"; };
		301BF52D109A57CC0062928A /* CordovaLib.xcodeproj */ = {isa = PBXFileReference; lastKnownFileType = "wrapper.pb-project"; name = CordovaLib.xcodeproj; path = CordovaLib/CordovaLib.xcodeproj; sourceTree = "<group>"; };
		301BF56E109A69640062928A /* www */ = {isa = PBXFileReference; lastKnownFileType = folder; path = www; sourceTree = SOURCE_ROOT; };
		302D95EE14D2391D003F00A1 /* MainViewController.h */ = {isa = PBXFileReference; fileEncoding = 4; lastKnownFileType = sourcecode.c.h; path = MainViewController.h; sourceTree = "<group>"; };
		302D95EF14D2391D003F00A1 /* MainViewController.m */ = {isa = PBXFileReference; fileEncoding = 4; lastKnownFileType = sourcecode.c.objc; path = MainViewController.m; sourceTree = "<group>"; };
		302D95F014D2391D003F00A1 /* MainViewController.xib */ = {isa = PBXFileReference; fileEncoding = 4; lastKnownFileType = file.xib; path = MainViewController.xib; sourceTree = "<group>"; };
		3047A50F1AB8059700498E2A /* build-debug.xcconfig */ = {isa = PBXFileReference; fileEncoding = 4; lastKnownFileType = text.xcconfig; name = "build-debug.xcconfig"; path = cordova/build-debug.xcconfig; sourceTree = SOURCE_ROOT; };
		3047A5101AB8059700498E2A /* build-release.xcconfig */ = {isa = PBXFileReference; fileEncoding = 4; lastKnownFileType = text.xcconfig; name = "build-release.xcconfig"; path = cordova/build-release.xcconfig; sourceTree = SOURCE_ROOT; };
		3047A5111AB8059700498E2A /* build.xcconfig */ = {isa = PBXFileReference; fileEncoding = 4; lastKnownFileType = text.xcconfig; name = build.xcconfig; path = cordova/build.xcconfig; sourceTree = SOURCE_ROOT; };
		32CA4F630368D1EE00C91783 /* maVoix-Prefix.pch */ = {isa = PBXFileReference; fileEncoding = 4; lastKnownFileType = sourcecode.c.h; path = "maVoix-Prefix.pch"; sourceTree = "<group>"; };
		8D1107310486CEB800E47090 /* maVoix-Info.plist */ = {isa = PBXFileReference; fileEncoding = 4; lastKnownFileType = text.plist.xml; name = "maVoix-Info.plist"; path = "maVoix/maVoix-Info.plist"; plistStructureDefinitionIdentifier = "com.apple.xcode.plist.structure-definition.iphone.info-plist"; sourceTree = SOURCE_ROOT; };
		EB87FDF31871DA8E0020F90C /* www */ = {isa = PBXFileReference; lastKnownFileType = folder; name = www; path = ../../www; sourceTree = "<group>"; };
		EB87FDF41871DAF40020F90C /* config.xml */ = {isa = PBXFileReference; lastKnownFileType = text.xml; name = config.xml; path = ../../config.xml; sourceTree = "<group>"; };
		F840E1F0165FE0F500CFE078 /* config.xml */ = {isa = PBXFileReference; lastKnownFileType = text.xml; name = config.xml; path = "maVoix/config.xml"; sourceTree = "<group>"; };
		ED33DF2A687741AEAF9F8254 /* Bridging-Header.h */ = {isa = PBXFileReference; fileEncoding = 4; lastKnownFileType = sourcecode.c.h; name = "Bridging-Header.h"; path = "Bridging-Header.h"; sourceTree = "<group>"; };
		B7DB5D1F26124A42A16619B2 /* CTPicker.m */ = {isa = PBXFileReference; name = "CTPicker.m"; path = "cordova-plugin-imagepicker/CTPicker.m"; sourceTree = "<group>"; fileEncoding = 4; lastKnownFileType = sourcecode.c.objc; explicitFileType = undefined; includeInIndex = 0; };
		6FAEAFEF68564035A3020FAB /* QBAlbumCell.m */ = {isa = PBXFileReference; name = "QBAlbumCell.m"; path = "cordova-plugin-imagepicker/QBAlbumCell.m"; sourceTree = "<group>"; fileEncoding = 4; lastKnownFileType = sourcecode.c.objc; explicitFileType = undefined; includeInIndex = 0; };
		427C8CC27CAF4C09AD035A8A /* QBAssetCell.m */ = {isa = PBXFileReference; name = "QBAssetCell.m"; path = "cordova-plugin-imagepicker/QBAssetCell.m"; sourceTree = "<group>"; fileEncoding = 4; lastKnownFileType = sourcecode.c.objc; explicitFileType = undefined; includeInIndex = 0; };
		D7DC88F1A0CF42448CDCE40E /* QBCheckmarkView.m */ = {isa = PBXFileReference; name = "QBCheckmarkView.m"; path = "cordova-plugin-imagepicker/QBCheckmarkView.m"; sourceTree = "<group>"; fileEncoding = 4; lastKnownFileType = sourcecode.c.objc; explicitFileType = undefined; includeInIndex = 0; };
		0C5A443006F34A4B858A3279 /* QBVideoIconView.m */ = {isa = PBXFileReference; name = "QBVideoIconView.m"; path = "cordova-plugin-imagepicker/QBVideoIconView.m"; sourceTree = "<group>"; fileEncoding = 4; lastKnownFileType = sourcecode.c.objc; explicitFileType = undefined; includeInIndex = 0; };
		0F8149CAC68645069EFE186D /* QBSlomoIconView.m */ = {isa = PBXFileReference; name = "QBSlomoIconView.m"; path = "cordova-plugin-imagepicker/QBSlomoIconView.m"; sourceTree = "<group>"; fileEncoding = 4; lastKnownFileType = sourcecode.c.objc; explicitFileType = undefined; includeInIndex = 0; };
		B6433B0C9709405FA3A881DD /* QBVideoIndicatorView.m */ = {isa = PBXFileReference; name = "QBVideoIndicatorView.m"; path = "cordova-plugin-imagepicker/QBVideoIndicatorView.m"; sourceTree = "<group>"; fileEncoding = 4; lastKnownFileType = sourcecode.c.objc; explicitFileType = undefined; includeInIndex = 0; };
		0C415218EF804C4C84D8B60B /* QBImagePickerController.m */ = {isa = PBXFileReference; name = "QBImagePickerController.m"; path = "cordova-plugin-imagepicker/QBImagePickerController.m"; sourceTree = "<group>"; fileEncoding = 4; lastKnownFileType = sourcecode.c.objc; explicitFileType = undefined; includeInIndex = 0; };
		AF698E2431944EEDA586BBC7 /* QBAlbumsViewController.m */ = {isa = PBXFileReference; name = "QBAlbumsViewController.m"; path = "cordova-plugin-imagepicker/QBAlbumsViewController.m"; sourceTree = "<group>"; fileEncoding = 4; lastKnownFileType = sourcecode.c.objc; explicitFileType = undefined; includeInIndex = 0; };
		32390D1B3E7D42EFA6CBEABD /* QBAssetsViewController.m */ = {isa = PBXFileReference; name = "QBAssetsViewController.m"; path = "cordova-plugin-imagepicker/QBAssetsViewController.m"; sourceTree = "<group>"; fileEncoding = 4; lastKnownFileType = sourcecode.c.objc; explicitFileType = undefined; includeInIndex = 0; };
		3C06648ED52E47D9834337F5 /* CTPicker.h */ = {isa = PBXFileReference; name = "CTPicker.h"; path = "cordova-plugin-imagepicker/CTPicker.h"; sourceTree = "<group>"; fileEncoding = 4; lastKnownFileType = sourcecode.c.h; explicitFileType = undefined; includeInIndex = 0; };
		12982EB14072494886721FEA /* QBAlbumCell.h */ = {isa = PBXFileReference; name = "QBAlbumCell.h"; path = "cordova-plugin-imagepicker/QBAlbumCell.h"; sourceTree = "<group>"; fileEncoding = 4; lastKnownFileType = sourcecode.c.h; explicitFileType = undefined; includeInIndex = 0; };
		94BE64552E954CFCBC7F4252 /* QBAssetCell.h */ = {isa = PBXFileReference; name = "QBAssetCell.h"; path = "cordova-plugin-imagepicker/QBAssetCell.h"; sourceTree = "<group>"; fileEncoding = 4; lastKnownFileType = sourcecode.c.h; explicitFileType = undefined; includeInIndex = 0; };
		407961CF660F4B2490BE3DAD /* QBCheckmarkView.h */ = {isa = PBXFileReference; name = "QBCheckmarkView.h"; path = "cordova-plugin-imagepicker/QBCheckmarkView.h"; sourceTree = "<group>"; fileEncoding = 4; lastKnownFileType = sourcecode.c.h; explicitFileType = undefined; includeInIndex = 0; };
		B836F87860004FC3AD5844B2 /* QBVideoIconView.h */ = {isa = PBXFileReference; name = "QBVideoIconView.h"; path = "cordova-plugin-imagepicker/QBVideoIconView.h"; sourceTree = "<group>"; fileEncoding = 4; lastKnownFileType = sourcecode.c.h; explicitFileType = undefined; includeInIndex = 0; };
		CB26D2B81318417AA7790D85 /* QBSlomoIconView.h */ = {isa = PBXFileReference; name = "QBSlomoIconView.h"; path = "cordova-plugin-imagepicker/QBSlomoIconView.h"; sourceTree = "<group>"; fileEncoding = 4; lastKnownFileType = sourcecode.c.h; explicitFileType = undefined; includeInIndex = 0; };
		7BB9261A7B8A4407827CC6D3 /* QBVideoIndicatorView.h */ = {isa = PBXFileReference; name = "QBVideoIndicatorView.h"; path = "cordova-plugin-imagepicker/QBVideoIndicatorView.h"; sourceTree = "<group>"; fileEncoding = 4; lastKnownFileType = sourcecode.c.h; explicitFileType = undefined; includeInIndex = 0; };
		9D836969F011433B8B750A19 /* QBImagePickerController.h */ = {isa = PBXFileReference; name = "QBImagePickerController.h"; path = "cordova-plugin-imagepicker/QBImagePickerController.h"; sourceTree = "<group>"; fileEncoding = 4; lastKnownFileType = sourcecode.c.h; explicitFileType = undefined; includeInIndex = 0; };
		D5175E5DAFB246EC8685A283 /* QBAlbumsViewController.h */ = {isa = PBXFileReference; name = "QBAlbumsViewController.h"; path = "cordova-plugin-imagepicker/QBAlbumsViewController.h"; sourceTree = "<group>"; fileEncoding = 4; lastKnownFileType = sourcecode.c.h; explicitFileType = undefined; includeInIndex = 0; };
		9DCA8238FCB64440AF3D81EA /* QBAssetsViewController.h */ = {isa = PBXFileReference; name = "QBAssetsViewController.h"; path = "cordova-plugin-imagepicker/QBAssetsViewController.h"; sourceTree = "<group>"; fileEncoding = 4; lastKnownFileType = sourcecode.c.h; explicitFileType = undefined; includeInIndex = 0; };
		C037D17B14EF4AC5873145E1 /* QBImagePicker.strings */ = {isa = PBXFileReference; name = "QBImagePicker.strings"; path = "QBImagePicker.strings"; sourceTree = "<group>"; fileEncoding = undefined; lastKnownFileType = unknown; explicitFileType = undefined; includeInIndex = 0; };
		5B1765E779FC41DCA6B58C54 /* QBImagePicker.storyboard */ = {isa = PBXFileReference; name = "QBImagePicker.storyboard"; path = "QBImagePicker.storyboard"; sourceTree = "<group>"; fileEncoding = undefined; lastKnownFileType = unknown; explicitFileType = undefined; includeInIndex = 0; };
		E472BD54F90C4873AD06D60E /* QuartzCore.framework */ = {isa = PBXFileReference; name = "QuartzCore.framework"; path = "System/Library/Frameworks/QuartzCore.framework"; sourceTree = SDKROOT; fileEncoding = undefined; lastKnownFileType = wrapper.framework; explicitFileType = undefined; includeInIndex = 0; };
		AE795D3A67CD4AAFBFB410E6 /* Photos.framework */ = {isa = PBXFileReference; name = "Photos.framework"; path = "System/Library/Frameworks/Photos.framework"; sourceTree = SDKROOT; fileEncoding = undefined; lastKnownFileType = wrapper.framework; explicitFileType = undefined; includeInIndex = 0; };
		CC919BB870ED415FA7D6FBE8 /* ImageIO.framework */ = {isa = PBXFileReference; name = "ImageIO.framework"; path = "System/Library/Frameworks/ImageIO.framework"; sourceTree = SDKROOT; fileEncoding = undefined; lastKnownFileType = wrapper.framework; explicitFileType = undefined; includeInIndex = 0; };
		5B53383D7BE34D3E91043484 /* UIImage+CropScaleOrientation.m */ = {isa = PBXFileReference; name = "UIImage+CropScaleOrientation.m"; path = "cordova-plugin-camera/UIImage+CropScaleOrientation.m"; sourceTree = "<group>"; fileEncoding = 4; lastKnownFileType = sourcecode.c.objc; explicitFileType = undefined; includeInIndex = 0; };
		B9B4957021124A4784C582AD /* CDVCamera.m */ = {isa = PBXFileReference; name = "CDVCamera.m"; path = "cordova-plugin-camera/CDVCamera.m"; sourceTree = "<group>"; fileEncoding = 4; lastKnownFileType = sourcecode.c.objc; explicitFileType = undefined; includeInIndex = 0; };
		567295CA3448408A90DE5B25 /* CDVJpegHeaderWriter.m */ = {isa = PBXFileReference; name = "CDVJpegHeaderWriter.m"; path = "cordova-plugin-camera/CDVJpegHeaderWriter.m"; sourceTree = "<group>"; fileEncoding = 4; lastKnownFileType = sourcecode.c.objc; explicitFileType = undefined; includeInIndex = 0; };
		11C73899C5814868ACBFCB8F /* UIImage+CropScaleOrientation.h */ = {isa = PBXFileReference; name = "UIImage+CropScaleOrientation.h"; path = "cordova-plugin-camera/UIImage+CropScaleOrientation.h"; sourceTree = "<group>"; fileEncoding = 4; lastKnownFileType = sourcecode.c.h; explicitFileType = undefined; includeInIndex = 0; };
		82EC16B522F74DDD81FA95FE /* CDVCamera.h */ = {isa = PBXFileReference; name = "CDVCamera.h"; path = "cordova-plugin-camera/CDVCamera.h"; sourceTree = "<group>"; fileEncoding = 4; lastKnownFileType = sourcecode.c.h; explicitFileType = undefined; includeInIndex = 0; };
		D9A33DB3A7C3466C8D19D980 /* CDVJpegHeaderWriter.h */ = {isa = PBXFileReference; name = "CDVJpegHeaderWriter.h"; path = "cordova-plugin-camera/CDVJpegHeaderWriter.h"; sourceTree = "<group>"; fileEncoding = 4; lastKnownFileType = sourcecode.c.h; explicitFileType = undefined; includeInIndex = 0; };
		6FD0F72065DA417DA5134367 /* CDVExif.h */ = {isa = PBXFileReference; name = "CDVExif.h"; path = "cordova-plugin-camera/CDVExif.h"; sourceTree = "<group>"; fileEncoding = 4; lastKnownFileType = sourcecode.c.h; explicitFileType = undefined; includeInIndex = 0; };
		2C07E85F59884AEAA0AD881C /* CoreLocation.framework */ = {isa = PBXFileReference; name = "CoreLocation.framework"; path = "System/Library/Frameworks/CoreLocation.framework"; sourceTree = SDKROOT; fileEncoding = undefined; lastKnownFileType = wrapper.framework; explicitFileType = undefined; includeInIndex = 0; };
		6B891C1425644F999E5657EE /* AVFoundation.framework */ = {isa = PBXFileReference; name = "AVFoundation.framework"; path = "System/Library/Frameworks/AVFoundation.framework"; sourceTree = SDKROOT; fileEncoding = undefined; lastKnownFileType = wrapper.framework; explicitFileType = undefined; includeInIndex = 0; };
		1BBDB9C862FE4BE791B1D01A /* CDVFile.m */ = {isa = PBXFileReference; name = "CDVFile.m"; path = "cordova-plugin-file/CDVFile.m"; sourceTree = "<group>"; fileEncoding = 4; lastKnownFileType = sourcecode.c.objc; explicitFileType = undefined; includeInIndex = 0; };
		C615F970169A4772AF5006EE /* CDVLocalFilesystem.m */ = {isa = PBXFileReference; name = "CDVLocalFilesystem.m"; path = "cordova-plugin-file/CDVLocalFilesystem.m"; sourceTree = "<group>"; fileEncoding = 4; lastKnownFileType = sourcecode.c.objc; explicitFileType = undefined; includeInIndex = 0; };
		DE087C37C9B94B52B523CD9C /* CDVAssetLibraryFilesystem.m */ = {isa = PBXFileReference; name = "CDVAssetLibraryFilesystem.m"; path = "cordova-plugin-file/CDVAssetLibraryFilesystem.m"; sourceTree = "<group>"; fileEncoding = 4; lastKnownFileType = sourcecode.c.objc; explicitFileType = undefined; includeInIndex = 0; };
		A49B1C1559F14976AA70B144 /* CDVFile.h */ = {isa = PBXFileReference; name = "CDVFile.h"; path = "cordova-plugin-file/CDVFile.h"; sourceTree = "<group>"; fileEncoding = 4; lastKnownFileType = sourcecode.c.h; explicitFileType = undefined; includeInIndex = 0; };
		9A34C4DDC9C14CB5B4594885 /* CDVLocalFilesystem.h */ = {isa = PBXFileReference; name = "CDVLocalFilesystem.h"; path = "cordova-plugin-file/CDVLocalFilesystem.h"; sourceTree = "<group>"; fileEncoding = 4; lastKnownFileType = sourcecode.c.h; explicitFileType = undefined; includeInIndex = 0; };
		608FF86CEF434393B27C8D47 /* CDVAssetLibraryFilesystem.h */ = {isa = PBXFileReference; name = "CDVAssetLibraryFilesystem.h"; path = "cordova-plugin-file/CDVAssetLibraryFilesystem.h"; sourceTree = "<group>"; fileEncoding = 4; lastKnownFileType = sourcecode.c.h; explicitFileType = undefined; includeInIndex = 0; };
		F2DD60269CC64DED86DBC871 /* CDVFileTransfer.m */ = {isa = PBXFileReference; name = "CDVFileTransfer.m"; path = "cordova-plugin-file-transfer/CDVFileTransfer.m"; sourceTree = "<group>"; fileEncoding = 4; lastKnownFileType = sourcecode.c.objc; explicitFileType = undefined; includeInIndex = 0; };
		A8CED05114404BA8B568B505 /* CDVFileTransfer.h */ = {isa = PBXFileReference; name = "CDVFileTransfer.h"; path = "cordova-plugin-file-transfer/CDVFileTransfer.h"; sourceTree = "<group>"; fileEncoding = 4; lastKnownFileType = sourcecode.c.h; explicitFileType = undefined; includeInIndex = 0; };
		D375D06272A24CAD91D79A1A /* CDVCapture.m */ = {isa = PBXFileReference; name = "CDVCapture.m"; path = "cordova-plugin-media-capture/CDVCapture.m"; sourceTree = "<group>"; fileEncoding = 4; lastKnownFileType = sourcecode.c.objc; explicitFileType = undefined; includeInIndex = 0; };
		5CFBDEC1C60346F2B7804D6D /* CDVCapture.h */ = {isa = PBXFileReference; name = "CDVCapture.h"; path = "cordova-plugin-media-capture/CDVCapture.h"; sourceTree = "<group>"; fileEncoding = 4; lastKnownFileType = sourcecode.c.h; explicitFileType = undefined; includeInIndex = 0; };
		6DBEB95B6BAC483FB1EFC587 /* CDVCapture.bundle */ = {isa = PBXFileReference; name = "CDVCapture.bundle"; path = "CDVCapture.bundle"; sourceTree = "<group>"; fileEncoding = undefined; lastKnownFileType = wrapper.plug-in; explicitFileType = undefined; includeInIndex = 0; };
/* End PBXFileReference section */

/* Begin PBXFrameworksBuildPhase section */
		1D60588F0D05DD3D006BFB54 /* Frameworks */ = {
			isa = PBXFrameworksBuildPhase;
			buildActionMask = 2147483647;
			files = (
				301BF552109A68D80062928A /* libCordova.a in Frameworks */,
				36601E9F0F564E52A6A6B576 /* QuartzCore.framework in Frameworks */,
				A7B3811713484D9881F3F4E6 /* Photos.framework in Frameworks */,
				85CBF93EE9C240DC9ECC63A7 /* ImageIO.framework in Frameworks */,
				A427CE58CCF74846B988683C /* CoreLocation.framework in Frameworks */,
				8AD0827F1CDB4E23AD71E08F /* AVFoundation.framework in Frameworks */,
			);
			runOnlyForDeploymentPostprocessing = 0;
		};
/* End PBXFrameworksBuildPhase section */

/* Begin PBXGroup section */
		080E96DDFE201D6D7F000001 /* Classes */ = {
			isa = PBXGroup;
			children = (
				302D95EE14D2391D003F00A1 /* MainViewController.h */,
				302D95EF14D2391D003F00A1 /* MainViewController.m */,
				302D95F014D2391D003F00A1 /* MainViewController.xib */,
				1D3623240D0F684500981E51 /* AppDelegate.h */,
				1D3623250D0F684500981E51 /* AppDelegate.m */,
			);
			name = Classes;
			path = "maVoix/Classes";
			sourceTree = SOURCE_ROOT;
		};
		19C28FACFE9D520D11CA2CBB /* Products */ = {
			isa = PBXGroup;
			children = (
				1D6058910D05DD3D006BFB54 /* maVoix.app */,
			);
			name = Products;
			sourceTree = "<group>";
		};
		29B97314FDCFA39411CA2CEA /* CustomTemplate */ = {
			isa = PBXGroup;
			children = (
				EB87FDF41871DAF40020F90C /* config.xml */,
				EB87FDF31871DA8E0020F90C /* www */,
				EB87FDF11871DA420020F90C /* Staging */,
				301BF52D109A57CC0062928A /* CordovaLib.xcodeproj */,
				080E96DDFE201D6D7F000001 /* Classes */,
				307C750510C5A3420062BCA9 /* Plugins */,
				29B97315FDCFA39411CA2CEA /* Other Sources */,
				29B97317FDCFA39411CA2CEA /* Resources */,
				29B97323FDCFA39411CA2CEA /* Frameworks */,
				19C28FACFE9D520D11CA2CBB /* Products */,
			);
			name = CustomTemplate;
			sourceTree = "<group>";
		};
		29B97315FDCFA39411CA2CEA /* Other Sources */ = {
			isa = PBXGroup;
			children = (
				32CA4F630368D1EE00C91783 /* maVoix-Prefix.pch */,
				29B97316FDCFA39411CA2CEA /* main.m */,
				ED33DF2A687741AEAF9F8254 /* Bridging-Header.h */,
			);
			name = "Other Sources";
			path = "maVoix";
			sourceTree = "<group>";
		};
		29B97317FDCFA39411CA2CEA /* Resources */ = {
			isa = PBXGroup;
			children = (
				0207DA571B56EA530066E2B4 /* Images.xcassets */,
				3047A50E1AB8057F00498E2A /* config */,
				8D1107310486CEB800E47090 /* maVoix-Info.plist */,
				C037D17B14EF4AC5873145E1 /* QBImagePicker.strings */,
				5B1765E779FC41DCA6B58C54 /* QBImagePicker.storyboard */,
				6DBEB95B6BAC483FB1EFC587 /* CDVCapture.bundle */,
			);
			name = Resources;
			path = "maVoix/Resources";
			sourceTree = "<group>";
		};
		29B97323FDCFA39411CA2CEA /* Frameworks */ = {
			isa = PBXGroup;
			children = (
				E472BD54F90C4873AD06D60E /* QuartzCore.framework */,
				AE795D3A67CD4AAFBFB410E6 /* Photos.framework */,
				CC919BB870ED415FA7D6FBE8 /* ImageIO.framework */,
				2C07E85F59884AEAA0AD881C /* CoreLocation.framework */,
				6B891C1425644F999E5657EE /* AVFoundation.framework */,
			);
			name = Frameworks;
			sourceTree = "<group>";
		};
		301BF52E109A57CC0062928A /* Products */ = {
			isa = PBXGroup;
			children = (
				301BF535109A57CC0062928A /* libCordova.a */,
			);
			name = Products;
			sourceTree = "<group>";
		};
		3047A50E1AB8057F00498E2A /* config */ = {
			isa = PBXGroup;
			children = (
				3047A50F1AB8059700498E2A /* build-debug.xcconfig */,
				3047A5101AB8059700498E2A /* build-release.xcconfig */,
				3047A5111AB8059700498E2A /* build.xcconfig */,
			);
			name = config;
			sourceTree = "<group>";
		};
		307C750510C5A3420062BCA9 /* Plugins */ = {
			isa = PBXGroup;
			children = (
				B7DB5D1F26124A42A16619B2 /* CTPicker.m */,
				6FAEAFEF68564035A3020FAB /* QBAlbumCell.m */,
				427C8CC27CAF4C09AD035A8A /* QBAssetCell.m */,
				D7DC88F1A0CF42448CDCE40E /* QBCheckmarkView.m */,
				0C5A443006F34A4B858A3279 /* QBVideoIconView.m */,
				0F8149CAC68645069EFE186D /* QBSlomoIconView.m */,
				B6433B0C9709405FA3A881DD /* QBVideoIndicatorView.m */,
				0C415218EF804C4C84D8B60B /* QBImagePickerController.m */,
				AF698E2431944EEDA586BBC7 /* QBAlbumsViewController.m */,
				32390D1B3E7D42EFA6CBEABD /* QBAssetsViewController.m */,
				3C06648ED52E47D9834337F5 /* CTPicker.h */,
				12982EB14072494886721FEA /* QBAlbumCell.h */,
				94BE64552E954CFCBC7F4252 /* QBAssetCell.h */,
				407961CF660F4B2490BE3DAD /* QBCheckmarkView.h */,
				B836F87860004FC3AD5844B2 /* QBVideoIconView.h */,
				CB26D2B81318417AA7790D85 /* QBSlomoIconView.h */,
				7BB9261A7B8A4407827CC6D3 /* QBVideoIndicatorView.h */,
				9D836969F011433B8B750A19 /* QBImagePickerController.h */,
				D5175E5DAFB246EC8685A283 /* QBAlbumsViewController.h */,
				9DCA8238FCB64440AF3D81EA /* QBAssetsViewController.h */,
				5B53383D7BE34D3E91043484 /* UIImage+CropScaleOrientation.m */,
				B9B4957021124A4784C582AD /* CDVCamera.m */,
				567295CA3448408A90DE5B25 /* CDVJpegHeaderWriter.m */,
				11C73899C5814868ACBFCB8F /* UIImage+CropScaleOrientation.h */,
				82EC16B522F74DDD81FA95FE /* CDVCamera.h */,
				D9A33DB3A7C3466C8D19D980 /* CDVJpegHeaderWriter.h */,
				6FD0F72065DA417DA5134367 /* CDVExif.h */,
				1BBDB9C862FE4BE791B1D01A /* CDVFile.m */,
				C615F970169A4772AF5006EE /* CDVLocalFilesystem.m */,
				DE087C37C9B94B52B523CD9C /* CDVAssetLibraryFilesystem.m */,
				A49B1C1559F14976AA70B144 /* CDVFile.h */,
				9A34C4DDC9C14CB5B4594885 /* CDVLocalFilesystem.h */,
				608FF86CEF434393B27C8D47 /* CDVAssetLibraryFilesystem.h */,
				F2DD60269CC64DED86DBC871 /* CDVFileTransfer.m */,
				A8CED05114404BA8B568B505 /* CDVFileTransfer.h */,
				D375D06272A24CAD91D79A1A /* CDVCapture.m */,
				5CFBDEC1C60346F2B7804D6D /* CDVCapture.h */,
			);
			name = Plugins;
			path = "maVoix/Plugins";
			sourceTree = SOURCE_ROOT;
		};
		EB87FDF11871DA420020F90C /* Staging */ = {
			isa = PBXGroup;
			children = (
				F840E1F0165FE0F500CFE078 /* config.xml */,
				301BF56E109A69640062928A /* www */,
			);
			name = Staging;
			sourceTree = "<group>";
		};
/* End PBXGroup section */

/* Begin PBXNativeTarget section */
		1D6058900D05DD3D006BFB54 /* maVoix */ = {
			isa = PBXNativeTarget;
			buildConfigurationList = 1D6058960D05DD3E006BFB54 /* Build configuration list for PBXNativeTarget "maVoix" */;
			buildPhases = (
				304B58A110DAC018002A0835 /* Copy www directory */,
				1D60588D0D05DD3D006BFB54 /* Resources */,
				1D60588E0D05DD3D006BFB54 /* Sources */,
				1D60588F0D05DD3D006BFB54 /* Frameworks */,
			);
			buildRules = (
			);
			dependencies = (
				301BF551109A68C00062928A /* PBXTargetDependency */,
			);
			name = "maVoix";
			productName = "maVoix";
			productReference = 1D6058910D05DD3D006BFB54 /* maVoix.app */;
			productType = "com.apple.product-type.application";
		};
/* End PBXNativeTarget section */

/* Begin PBXProject section */
		29B97313FDCFA39411CA2CEA /* Project object */ = {
			isa = PBXProject;
			attributes = {
				LastUpgradeCheck = 510;
			};
			buildConfigurationList = C01FCF4E08A954540054247B /* Build configuration list for PBXProject "__NON-CLI__" */;
			compatibilityVersion = "Xcode 3.2";
			developmentRegion = English;
			hasScannedForEncodings = 1;
			mainGroup = 29B97314FDCFA39411CA2CEA /* CustomTemplate */;
			projectDirPath = "";
			projectReferences = (
				{
					ProductGroup = 301BF52E109A57CC0062928A /* Products */;
					ProjectRef = 301BF52D109A57CC0062928A /* CordovaLib.xcodeproj */;
				},
			);
			projectRoot = "";
			targets = (
				1D6058900D05DD3D006BFB54 /* maVoix */,
			);
		};
/* End PBXProject section */

/* Begin PBXReferenceProxy section */
		301BF535109A57CC0062928A /* libCordova.a */ = {
			isa = PBXReferenceProxy;
			fileType = archive.ar;
			path = libCordova.a;
			remoteRef = 301BF534109A57CC0062928A /* PBXContainerItemProxy */;
			sourceTree = BUILT_PRODUCTS_DIR;
		};
/* End PBXReferenceProxy section */

/* Begin PBXResourcesBuildPhase section */
		1D60588D0D05DD3D006BFB54 /* Resources */ = {
			isa = PBXResourcesBuildPhase;
			buildActionMask = 2147483647;
			files = (
				302D95F214D2391D003F00A1 /* MainViewController.xib in Resources */,
				3047A5131AB8059700498E2A /* build-release.xcconfig in Resources */,
				3047A5141AB8059700498E2A /* build.xcconfig in Resources */,
				0207DA581B56EA530066E2B4 /* Images.xcassets in Resources */,
				3047A5121AB8059700498E2A /* build-debug.xcconfig in Resources */,
				A1181C7FE3434A2E93855352 /* QBImagePicker.strings in Resources */,
				FA38049E787D43ECB1DEE502 /* QBImagePicker.storyboard in Resources */,
				FFE74017F1274F199086F8F8 /* CDVCapture.bundle in Resources */,
			);
			runOnlyForDeploymentPostprocessing = 0;
		};
/* End PBXResourcesBuildPhase section */

/* Begin PBXShellScriptBuildPhase section */
		304B58A110DAC018002A0835 /* Copy www directory */ = {
			isa = PBXShellScriptBuildPhase;
			buildActionMask = 2147483647;
			files = (
			);
			inputPaths = (
			);
			name = "Copy www directory";
			outputPaths = (
			);
			runOnlyForDeploymentPostprocessing = 0;
			shellPath = /bin/sh;
			shellScript = "NODEJS_PATH=/usr/local/bin; NVM_NODE_PATH=~/.nvm/versions/node/`nvm version 2>/dev/null`/bin; N_NODE_PATH=`find /usr/local/n/versions/node/* -maxdepth 0 -type d 2>/dev/null | tail -1`/bin; XCODE_NODE_PATH=`xcode-select --print-path`/usr/share/xcs/Node/bin; PATH=$NODEJS_PATH:$NVM_NODE_PATH:$N_NODE_PATH:$XCODE_NODE_PATH:$PATH && node cordova/lib/copy-www-build-step.js";
			showEnvVarsInLog = 0;
		};
/* End PBXShellScriptBuildPhase section */

/* Begin PBXSourcesBuildPhase section */
		1D60588E0D05DD3D006BFB54 /* Sources */ = {
			isa = PBXSourcesBuildPhase;
			buildActionMask = 2147483647;
			files = (
				1D60589B0D05DD56006BFB54 /* main.m in Sources */,
				1D3623260D0F684500981E51 /* AppDelegate.m in Sources */,
				302D95F114D2391D003F00A1 /* MainViewController.m in Sources */,
				F0DF725810974F8CBC369B7F /* CTPicker.m in Sources */,
				8266B2A43CA74B36A4466152 /* QBAlbumCell.m in Sources */,
				24668570FEC8435C882AFED0 /* QBAssetCell.m in Sources */,
				C23106873C2F4226B2379AC1 /* QBCheckmarkView.m in Sources */,
				412FE443CB1D4E559233C4D2 /* QBVideoIconView.m in Sources */,
				86311826BFCD47D98E2A8258 /* QBSlomoIconView.m in Sources */,
				DB362D2C6A2848A69D6CD421 /* QBVideoIndicatorView.m in Sources */,
				BA5F6D2C3AEF4D3C9A8CE734 /* QBImagePickerController.m in Sources */,
				6738D4677DA44FE097B14790 /* QBAlbumsViewController.m in Sources */,
				BCE2AC9F79A149B486F34B74 /* QBAssetsViewController.m in Sources */,
				1B518862C26240B3B3B80B77 /* UIImage+CropScaleOrientation.m in Sources */,
				75A0A8A5E56D4969B1CC5311 /* CDVCamera.m in Sources */,
				94F3A4FB3D2143BEBA296C21 /* CDVJpegHeaderWriter.m in Sources */,
				9B7482254FAE46BCAA877EEB /* CDVFile.m in Sources */,
				510FF45540534CE6B9B8644D /* CDVLocalFilesystem.m in Sources */,
				D5F72F3CFD404479BE7B7987 /* CDVAssetLibraryFilesystem.m in Sources */,
				791282D0482747E2A19865F6 /* CDVFileTransfer.m in Sources */,
				7C82D4E53E3D495FA40F86E6 /* CDVCapture.m in Sources */,
			);
			runOnlyForDeploymentPostprocessing = 0;
		};
/* End PBXSourcesBuildPhase section */

/* Begin PBXTargetDependency section */
		301BF551109A68C00062928A /* PBXTargetDependency */ = {
			isa = PBXTargetDependency;
			name = CordovaLib;
			targetProxy = 301BF550109A68C00062928A /* PBXContainerItemProxy */;
		};
/* End PBXTargetDependency section */

/* Begin XCBuildConfiguration section */
		1D6058940D05DD3E006BFB54 /* Debug */ = {
			isa = XCBuildConfiguration;
			baseConfigurationReference = 3047A50F1AB8059700498E2A /* build-debug.xcconfig */;
			buildSettings = {
				ALWAYS_SEARCH_USER_PATHS = NO;
				ASSETCATALOG_COMPILER_APPICON_NAME = AppIcon;
				ASSETCATALOG_COMPILER_LAUNCHIMAGE_NAME = LaunchImage;
				CLANG_ENABLE_MODULES = YES;
				CLANG_ENABLE_OBJC_ARC = YES;
				COPY_PHASE_STRIP = NO;
				GCC_DYNAMIC_NO_PIC = NO;
				GCC_OPTIMIZATION_LEVEL = 0;
				GCC_PRECOMPILE_PREFIX_HEADER = YES;
				GCC_PREFIX_HEADER = "maVoix/maVoix-Prefix.pch";
				GCC_THUMB_SUPPORT = NO;
				GCC_VERSION = "";
				INFOPLIST_FILE = "maVoix/maVoix-Info.plist";
				LD_RUNPATH_SEARCH_PATHS = "@executable_path/Frameworks";
				PRODUCT_NAME = "maVoix";
			};
			name = Debug;
		};
		1D6058950D05DD3E006BFB54 /* Release */ = {
			isa = XCBuildConfiguration;
			baseConfigurationReference = 3047A5101AB8059700498E2A /* build-release.xcconfig */;
			buildSettings = {
				ALWAYS_SEARCH_USER_PATHS = NO;
				ASSETCATALOG_COMPILER_APPICON_NAME = AppIcon;
				ASSETCATALOG_COMPILER_LAUNCHIMAGE_NAME = LaunchImage;
				CLANG_ENABLE_MODULES = YES;
				CLANG_ENABLE_OBJC_ARC = YES;
				COPY_PHASE_STRIP = YES;
				GCC_PRECOMPILE_PREFIX_HEADER = YES;
				GCC_PREFIX_HEADER = "maVoix/maVoix-Prefix.pch";
				GCC_THUMB_SUPPORT = NO;
				GCC_VERSION = "";
				INFOPLIST_FILE = "maVoix/maVoix-Info.plist";
				PRODUCT_NAME = "maVoix";
			};
			name = Release;
		};
		C01FCF4F08A954540054247B /* Debug */ = {
			isa = XCBuildConfiguration;
			baseConfigurationReference = 3047A5111AB8059700498E2A /* build.xcconfig */;
			buildSettings = {
				CLANG_ENABLE_MODULES = YES;
				CLANG_ENABLE_OBJC_ARC = YES;
				CLANG_WARN_BOOL_CONVERSION = YES;
				CLANG_WARN_CONSTANT_CONVERSION = YES;
				CLANG_WARN_EMPTY_BODY = YES;
				CLANG_WARN_ENUM_CONVERSION = YES;
				CLANG_WARN_INT_CONVERSION = YES;
				CLANG_WARN__DUPLICATE_METHOD_MATCH = YES;
				GCC_C_LANGUAGE_STANDARD = c99;
				GCC_THUMB_SUPPORT = NO;
				GCC_VERSION = "";
				GCC_WARN_ABOUT_RETURN_TYPE = YES;
				GCC_WARN_UNDECLARED_SELECTOR = YES;
				GCC_WARN_UNINITIALIZED_AUTOS = YES;
				GCC_WARN_UNUSED_FUNCTION = YES;
				GCC_WARN_UNUSED_VARIABLE = YES;
				ONLY_ACTIVE_ARCH = YES;
				SDKROOT = iphoneos;
				SKIP_INSTALL = NO;
			};
			name = Debug;
		};
		C01FCF5008A954540054247B /* Release */ = {
			isa = XCBuildConfiguration;
			baseConfigurationReference = 3047A5111AB8059700498E2A /* build.xcconfig */;
			buildSettings = {
				CLANG_ENABLE_MODULES = YES;
				CLANG_ENABLE_OBJC_ARC = YES;
				CLANG_WARN_BOOL_CONVERSION = YES;
				CLANG_WARN_CONSTANT_CONVERSION = YES;
				CLANG_WARN_EMPTY_BODY = YES;
				CLANG_WARN_ENUM_CONVERSION = YES;
				CLANG_WARN_INT_CONVERSION = YES;
				CLANG_WARN__DUPLICATE_METHOD_MATCH = YES;
				GCC_C_LANGUAGE_STANDARD = c99;
				GCC_THUMB_SUPPORT = NO;
				GCC_VERSION = "";
				GCC_WARN_ABOUT_RETURN_TYPE = YES;
				GCC_WARN_UNDECLARED_SELECTOR = YES;
				GCC_WARN_UNINITIALIZED_AUTOS = YES;
				GCC_WARN_UNUSED_FUNCTION = YES;
				GCC_WARN_UNUSED_VARIABLE = YES;
				SDKROOT = iphoneos;
				SKIP_INSTALL = NO;
			};
			name = Release;
		};
/* End XCBuildConfiguration section */

/* Begin XCConfigurationList section */
		1D6058960D05DD3E006BFB54 /* Build configuration list for PBXNativeTarget "maVoix" */ = {
			isa = XCConfigurationList;
			buildConfigurations = (
				1D6058940D05DD3E006BFB54 /* Debug */,
				1D6058950D05DD3E006BFB54 /* Release */,
			);
			defaultConfigurationIsVisible = 0;
			defaultConfigurationName = Release;
		};
		C01FCF4E08A954540054247B /* Build configuration list for PBXProject "__NON-CLI__" */ = {
			isa = XCConfigurationList;
			buildConfigurations = (
				C01FCF4F08A954540054247B /* Debug */,
				C01FCF5008A954540054247B /* Release */,
			);
			defaultConfigurationIsVisible = 0;
			defaultConfigurationName = Release;
		};
/* End XCConfigurationList section */
	};
	rootObject = 29B97313FDCFA39411CA2CEA /* Project object */;
}
